
Microsoft Visual Studio Solution File, Format Version 12.00
# Visual Studio Version 17
VisualStudioVersion = 17.3.32929.385
MinimumVisualStudioVersion = 10.0.40219.1
Project("{FAE04EC0-301F-11D3-BF4B-00C04F79EFBC}") = "EAassignment", "EAassignment\EAassignment.csproj", "{1556FB90-1902-44BB-9118-FE3E657A31E3}"
EndProject
Global
	GlobalSection(SolutionConfigurationPlatforms) = preSolution
		Debug|Any CPU = Debug|Any CPU
		Release|Any CPU = Release|Any CPU
	EndGlobalSection
	GlobalSection(ProjectConfigurationPlatforms) = postSolution
		{1556FB90-1902-44BB-9118-FE3E657A31E3}.Debug|Any CPU.ActiveCfg = Debug|Any CPU
		{1556FB90-1902-44BB-9118-FE3E657A31E3}.Debug|Any CPU.Build.0 = Debug|Any CPU
		{1556FB90-1902-44BB-9118-FE3E657A31E3}.Release|Any CPU.ActiveCfg = Release|Any CPU
		{1556FB90-1902-44BB-9118-FE3E657A31E3}.Release|Any CPU.Build.0 = Release|Any CPU
	EndGlobalSection
	GlobalSection(SolutionProperties) = preSolution
		HideSolutionNode = FALSE
	EndGlobalSection
	GlobalSection(ExtensibilityGlobals) = postSolution
		SolutionGuid = {FDCED99D-9F0C-4ABE-B2D5-4BC663490C63}
	EndGlobalSection
EndGlobal
